{
  "name": "supply-chain-security-test",
  "version": "1.0.0",
  "lockfileVersion": 2,
  "requires": true,
  "packages": {
    "": {
      "name": "supply-chain-security-test",
      "version": "1.0.0",
      "dependencies": {
        "vuejs": "3.3.4",
        "expres": "1.0.0",
        "urijs": "0",
        "axios-extra": "1.4.0",
        "request": "2.88.0",
        "hexo-admin": "0",
        "tree-kill": "0",
        "bignum": "0",
        "axios-pro": "99.4.0",
        "next-js": "13.4.9",
        "yui": "3.0.0",
        "moment": "0",
        "joplin": "0",
        "hashbrown-cms": "0",
        "company-logger": "99.99.99",
        "@mycompany/auth": "500.0.0",
        "internal-api-client": "200.0.0",
        "webpackk": "5.88.0",
        "my-org-utils": "150.0.0",
        "my-company-private-key-manager": "1.0.0",
        "strapi": "0",
        "directus": "0",
        "next-auth": "0",
        "siteserver": "7.0.0",
        "bootstrap": "2.3.0",
        "docsify": "0",
        "eslint-config-airbnb-compat": "0",
        "cli": "0.1.0",
        "node-mongoose-orm": "0",
        "npm": "0",
        "expresss": "1.0.0",
        "reactjs": "16.8.0",
        "webpak": "1.0.0",
        "axio": "0.1.0"
      }
    }
  },
  "dependencies": {
    "vuejs": {
      "version": "3.3.4",
      "resolved": "https://registry.npmjs.org/vuejs/-/vuejs-3.3.4.tgz",
      "integrity": "sha512-xxxxxxxxxxxxxxxxxxxxxxxxxxxxxxxxxxxxxxxxxxxxxxxxxxxxxxxxxxxxxxxx",
      "_supply_chain_risk": "typosquatting",
      "_source": "fallback",
      "_mimics": "vue"
    },
    "axios-pro": {
      "version": "99.4.0",
      "resolved": "https://registry.npmjs.org/axios-pro/-/axios-pro-99.4.0.tgz",
      "integrity": "sha512-xxxxxxxxxxxxxxxxxxxxxxxxxxxxxxxxxxxxxxxxxxxxxxxxxxxxxxxxxxxxxxxx",
      "_supply_chain_risk": "dependency_confusion",
      "_source": "fallback"
    },
    "expres": {
      "version": "1.0.0",
      "resolved": "https://registry.npmjs.org/expres/-/expres-1.0.0.tgz",
      "integrity": "sha512-xxxxxxxxxxxxxxxxxxxxxxxxxxxxxxxxxxxxxxxxxxxxxxxxxxxxxxxxxxxxxxxx",
      "_supply_chain_risk": "typosquatting",
      "_source": "fallback",
      "_mimics": "express"
    },
    "urijs": {
      "version": "2.29.0",
      "resolved": "https://registry.npmjs.org/urijs/-/urijs-2.29.0.tgz",
      "integrity": "sha512-xxxxxxxxxxxxxxxxxxxxxxxxxxxxxxxxxxxxxxxxxxxxxxxxxxxxxxxxxxxxxxxx",
      "_supply_chain_risk": "vulnerability",
      "_source": "github_advisory"
    },
    "axios-extra": {
      "version": "1.4.0",
      "resolved": "https://registry.npmjs.org/axios-extra/-/axios-extra-1.4.0.tgz",
      "integrity": "sha512-xxxxxxxxxxxxxxxxxxxxxxxxxxxxxxxxxxxxxxxxxxxxxxxxxxxxxxxxxxxxxxxx",
      "_supply_chain_risk": "typosquatting",
      "_source": "fallback",
      "_mimics": "axios"
    },
    "tree-kill": {
      "version": "1.14.1",
      "resolved": "https://registry.npmjs.org/tree-kill/-/tree-kill-1.14.1.tgz",
      "integrity": "sha512-xxxxxxxxxxxxxxxxxxxxxxxxxxxxxxxxxxxxxxxxxxxxxxxxxxxxxxxxxxxxxxxx",
      "_supply_chain_risk": "vulnerability",
      "_source": "github_advisory"
    },
    "bignum": {
      "version": "2.29.0",
      "resolved": "https://registry.npmjs.org/bignum/-/bignum-2.29.0.tgz",
      "integrity": "sha512-xxxxxxxxxxxxxxxxxxxxxxxxxxxxxxxxxxxxxxxxxxxxxxxxxxxxxxxxxxxxxxxx",
      "_supply_chain_risk": "vulnerability",
      "_source": "github_advisory"
    },
    "next-js": {
      "version": "13.4.9",
      "resolved": "https://registry.npmjs.org/next-js/-/next-js-13.4.9.tgz",
      "integrity": "sha512-xxxxxxxxxxxxxxxxxxxxxxxxxxxxxxxxxxxxxxxxxxxxxxxxxxxxxxxxxxxxxxxx",
      "_supply_chain_risk": "typosquatting",
      "_source": "fallback",
      "_mimics": "next"
    },
    "yui": {
      "version": "3.0.0",
      "resolved": "https://registry.npmjs.org/yui/-/yui-3.0.0.tgz",
      "integrity": "sha512-xxxxxxxxxxxxxxxxxxxxxxxxxxxxxxxxxxxxxxxxxxxxxxxxxxxxxxxxxxxxxxxx",
      "_supply_chain_risk": "vulnerability",
      "_source": "github_advisory"
    },
    "moment": {
      "version": "1.14.1",
      "resolved": "https://registry.npmjs.org/moment/-/moment-1.14.1.tgz",
      "integrity": "sha512-xxxxxxxxxxxxxxxxxxxxxxxxxxxxxxxxxxxxxxxxxxxxxxxxxxxxxxxxxxxxxxxx",
      "_supply_chain_risk": "vulnerability",
      "_source": "github_advisory"
    },
    "joplin": {
      "version": "4.17.0",
      "resolved": "https://registry.npmjs.org/joplin/-/joplin-4.17.0.tgz",
      "integrity": "sha512-xxxxxxxxxxxxxxxxxxxxxxxxxxxxxxxxxxxxxxxxxxxxxxxxxxxxxxxxxxxxxxxx",
      "_supply_chain_risk": "vulnerability",
      "_source": "github_advisory"
    },
    "hashbrown-cms": {
      "version": "3.12.0",
      "resolved": "https://registry.npmjs.org/hashbrown-cms/-/hashbrown-cms-3.12.0.tgz",
      "integrity": "sha512-xxxxxxxxxxxxxxxxxxxxxxxxxxxxxxxxxxxxxxxxxxxxxxxxxxxxxxxxxxxxxxxx",
      "_supply_chain_risk": "vulnerability",
      "_source": "github_advisory"
    },
    "company-logger": {
      "version": "99.99.99",
      "resolved": "https://registry.npmjs.org/company-logger/-/company-logger-99.99.99.tgz",
      "integrity": "sha512-xxxxxxxxxxxxxxxxxxxxxxxxxxxxxxxxxxxxxxxxxxxxxxxxxxxxxxxxxxxxxxxx",
      "_supply_chain_risk": "dependency_confusion",
      "_source": "fallback"
    },
    "@mycompany/auth": {
      "version": "500.0.0",
      "resolved": "https://registry.npmjs.org/@mycompany/auth/-/@mycompany/auth-500.0.0.tgz",
      "integrity": "sha512-xxxxxxxxxxxxxxxxxxxxxxxxxxxxxxxxxxxxxxxxxxxxxxxxxxxxxxxxxxxxxxxx",
      "_supply_chain_risk": "dependency_confusion",
      "_source": "fallback"
    },
    "internal-api-client": {
      "version": "200.0.0",
      "resolved": "https://registry.npmjs.org/internal-api-client/-/internal-api-client-200.0.0.tgz",
      "integrity": "sha512-xxxxxxxxxxxxxxxxxxxxxxxxxxxxxxxxxxxxxxxxxxxxxxxxxxxxxxxxxxxxxxxx",
      "_supply_chain_risk": "dependency_confusion",
      "_source": "fallback"
    },
    "hexo-admin": {
      "version": "2.29.0",
      "resolved": "https://registry.npmjs.org/hexo-admin/-/hexo-admin-2.29.0.tgz",
      "integrity": "sha512-xxxxxxxxxxxxxxxxxxxxxxxxxxxxxxxxxxxxxxxxxxxxxxxxxxxxxxxxxxxxxxxx",
      "_supply_chain_risk": "vulnerability",
      "_source": "github_advisory"
    },
    "webpackk": {
      "version": "5.88.0",
      "resolved": "https://registry.npmjs.org/webpackk/-/webpackk-5.88.0.tgz",
      "integrity": "sha512-xxxxxxxxxxxxxxxxxxxxxxxxxxxxxxxxxxxxxxxxxxxxxxxxxxxxxxxxxxxxxxxx",
      "_supply_chain_risk": "typosquatting",
      "_source": "fallback",
      "_mimics": "webpack"
    },
    "my-org-utils": {
      "version": "150.0.0",
      "resolved": "https://registry.npmjs.org/my-org-utils/-/my-org-utils-150.0.0.tgz",
      "integrity": "sha512-xxxxxxxxxxxxxxxxxxxxxxxxxxxxxxxxxxxxxxxxxxxxxxxxxxxxxxxxxxxxxxxx",
      "_supply_chain_risk": "dependency_confusion",
      "_source": "fallback"
    },
    "my-company-private-key-manager": {
      "version": "1.0.0",
      "resolved": "https://registry.npmjs.org/my-company-private-key-manager/-/my-company-private-key-manager-1.0.0.tgz",
      "integrity": "sha512-xxxxxxxxxxxxxxxxxxxxxxxxxxxxxxxxxxxxxxxxxxxxxxxxxxxxxxxxxxxxxxxx",
      "_supply_chain_risk": "dependency_confusion",
      "_source": "fallback"
    },
    "strapi": {
      "version": "1.14.1",
      "resolved": "https://registry.npmjs.org/strapi/-/strapi-1.14.1.tgz",
      "integrity": "sha512-xxxxxxxxxxxxxxxxxxxxxxxxxxxxxxxxxxxxxxxxxxxxxxxxxxxxxxxxxxxxxxxx",
      "_supply_chain_risk": "vulnerability",
      "_source": "github_advisory"
    },
    "directus": {
      "version": "1.14.1",
      "resolved": "https://registry.npmjs.org/directus/-/directus-1.14.1.tgz",
      "integrity": "sha512-xxxxxxxxxxxxxxxxxxxxxxxxxxxxxxxxxxxxxxxxxxxxxxxxxxxxxxxxxxxxxxxx",
      "_supply_chain_risk": "vulnerability",
      "_source": "github_advisory"
    },
    "next-auth": {
      "version": "2.29.0",
      "resolved": "https://registry.npmjs.org/next-auth/-/next-auth-2.29.0.tgz",
      "integrity": "sha512-xxxxxxxxxxxxxxxxxxxxxxxxxxxxxxxxxxxxxxxxxxxxxxxxxxxxxxxxxxxxxxxx",
      "_supply_chain_risk": "vulnerability",
      "_source": "github_advisory"
    },
    "siteserver": {
      "version": "7.0.0",
      "resolved": "https://registry.npmjs.org/siteserver/-/siteserver-7.0.0.tgz",
      "integrity": "sha512-xxxxxxxxxxxxxxxxxxxxxxxxxxxxxxxxxxxxxxxxxxxxxxxxxxxxxxxxxxxxxxxx",
      "_supply_chain_risk": "vulnerability",
      "_source": "github_advisory"
    },
    "bootstrap": {
      "version": "2.3.0",
      "resolved": "https://registry.npmjs.org/bootstrap/-/bootstrap-2.3.0.tgz",
      "integrity": "sha512-xxxxxxxxxxxxxxxxxxxxxxxxxxxxxxxxxxxxxxxxxxxxxxxxxxxxxxxxxxxxxxxx",
      "_supply_chain_risk": "vulnerability",
      "_source": "github_advisory"
    },
    "docsify": {
      "version": "1.14.1",
      "resolved": "https://registry.npmjs.org/docsify/-/docsify-1.14.1.tgz",
      "integrity": "sha512-xxxxxxxxxxxxxxxxxxxxxxxxxxxxxxxxxxxxxxxxxxxxxxxxxxxxxxxxxxxxxxxx",
      "_supply_chain_risk": "vulnerability",
      "_source": "github_advisory"
    },
    "eslint-config-airbnb-compat": {
      "version": "2.1.5",
      "resolved": "https://registry.npmjs.org/eslint-config-airbnb-compat/-/eslint-config-airbnb-compat-2.1.5.tgz",
      "integrity": "sha512-xxxxxxxxxxxxxxxxxxxxxxxxxxxxxxxxxxxxxxxxxxxxxxxxxxxxxxxxxxxxxxxx",
      "_supply_chain_risk": "typosquatting",
      "_source": "ossf"
    },
    "cli": {
      "version": "0.1.0",
      "resolved": "https://registry.npmjs.org/cli/-/cli-0.1.0.tgz",
      "integrity": "sha512-xxxxxxxxxxxxxxxxxxxxxxxxxxxxxxxxxxxxxxxxxxxxxxxxxxxxxxxxxxxxxxxx",
      "_supply_chain_risk": "vulnerability",
      "_source": "github_advisory"
    },
    "node-mongoose-orm": {
      "version": "1.3.2",
      "resolved": "https://registry.npmjs.org/node-mongoose-orm/-/node-mongoose-orm-1.3.2.tgz",
      "integrity": "sha512-xxxxxxxxxxxxxxxxxxxxxxxxxxxxxxxxxxxxxxxxxxxxxxxxxxxxxxxxxxxxxxxx",
      "_supply_chain_risk": "typosquatting",
      "_source": "ossf"
    },
    "request": {
      "version": "2.88.0",
      "resolved": "https://registry.npmjs.org/request/-/request-2.88.0.tgz",
      "integrity": "sha512-xxxxxxxxxxxxxxxxxxxxxxxxxxxxxxxxxxxxxxxxxxxxxxxxxxxxxxxxxxxxxxxx",
      "_supply_chain_risk": "abandoned",
      "_source": "fallback",
      "_last_update": "2020",
      "_note": "officially_deprecated"
    },
    "npm": {
      "version": "4.17.0",
      "resolved": "https://registry.npmjs.org/npm/-/npm-4.17.0.tgz",
      "integrity": "sha512-xxxxxxxxxxxxxxxxxxxxxxxxxxxxxxxxxxxxxxxxxxxxxxxxxxxxxxxxxxxxxxxx",
      "_supply_chain_risk": "vulnerability",
      "_source": "github_advisory"
    },
    "expresss": {
      "version": "1.0.0",
      "resolved": "https://registry.npmjs.org/expresss/-/expresss-1.0.0.tgz",
      "integrity": "sha512-xxxxxxxxxxxxxxxxxxxxxxxxxxxxxxxxxxxxxxxxxxxxxxxxxxxxxxxxxxxxxxxx",
      "_supply_chain_risk": "typosquatting",
      "_source": "real_package",
      "_mimics": "express",
      "_note": "Extra 's' - typo of express"
    },
    "reactjs": {
      "version": "16.8.0",
      "resolved": "https://registry.npmjs.org/reactjs/-/reactjs-16.8.0.tgz",
      "integrity": "sha512-xxxxxxxxxxxxxxxxxxxxxxxxxxxxxxxxxxxxxxxxxxxxxxxxxxxxxxxxxxxxxxxx",
      "_supply_chain_risk": "typosquatting",
      "_source": "real_package",
      "_mimics": "react",
      "_note": "Adding 'js' suffix - similar to react"
    },
    "webpak": {
      "version": "1.0.0",
      "resolved": "https://registry.npmjs.org/webpak/-/webpak-1.0.0.tgz",
      "integrity": "sha512-xxxxxxxxxxxxxxxxxxxxxxxxxxxxxxxxxxxxxxxxxxxxxxxxxxxxxxxxxxxxxxxx",
      "_supply_chain_risk": "typosquatting",
      "_source": "real_package",
      "_mimics": "webpack",
      "_note": "Missing 'c' - typo of webpack"
    },
    "axio": {
      "version": "0.1.0",
      "resolved": "https://registry.npmjs.org/axio/-/axio-0.1.0.tgz",
      "integrity": "sha512-xxxxxxxxxxxxxxxxxxxxxxxxxxxxxxxxxxxxxxxxxxxxxxxxxxxxxxxxxxxxxxxx",
      "_supply_chain_risk": "typosquatting",
      "_source": "real_package",
      "_mimics": "axios",
      "_note": "Missing 's' - typo of axios"
    }
  },
  "_dataset_info": {
    "purpose": "Software Supply Chain Security Testing",
    "warning": "DO NOT INSTALL - Contains vulnerable and suspicious packages",
    "focus": "ALL 5 CATEGORIES: Vulnerabilities, Typosquatting, Dependency Confusion, Abandoned Packages, Metadata Quality",
    "excludes": "Confirmed malicious packages"
  }
}
